// !$*UTF8*$!
{
	archiveVersion = 1;
	classes = {
	};
	objectVersion = 50;
	objects = {

/* Begin PBXBuildFile section */
		7C07F230259A2B530001B5DA /* EmotionsViewController.swift in Sources */ = {isa = PBXBuildFile; fileRef = 7C32F081259A223F0010ADFA /* EmotionsViewController.swift */; };
		7C32F0602596F8870010ADFA /* AppDelegate.swift in Sources */ = {isa = PBXBuildFile; fileRef = 7C32F05F2596F8870010ADFA /* AppDelegate.swift */; };
		7C32F0622596F8870010ADFA /* SceneDelegate.swift in Sources */ = {isa = PBXBuildFile; fileRef = 7C32F0612596F8870010ADFA /* SceneDelegate.swift */; };
		7C32F0642596F8870010ADFA /* FaceViewController.swift in Sources */ = {isa = PBXBuildFile; fileRef = 7C32F0632596F8870010ADFA /* FaceViewController.swift */; };
		7C32F0692596F8880010ADFA /* Assets.xcassets in Resources */ = {isa = PBXBuildFile; fileRef = 7C32F0682596F8880010ADFA /* Assets.xcassets */; };
		7C32F06C2596F8880010ADFA /* LaunchScreen.storyboard in Resources */ = {isa = PBXBuildFile; fileRef = 7C32F06A2596F8880010ADFA /* LaunchScreen.storyboard */; };
		7C32F07A2596FA170010ADFA /* FaceView.swift in Sources */ = {isa = PBXBuildFile; fileRef = 7C32F0792596FA170010ADFA /* FaceView.swift */; };
		7C32F07E259719870010ADFA /* FacialExpression.swift in Sources */ = {isa = PBXBuildFile; fileRef = 7C32F07D259719870010ADFA /* FacialExpression.swift */; };
		7C32F086259A2AEC0010ADFA /* Main.storyboard in Resources */ = {isa = PBXBuildFile; fileRef = 7C32F0652596F8870010ADFA /* Main.storyboard */; };
/* End PBXBuildFile section */

/* Begin PBXFileReference section */
		7C32F05C2596F8870010ADFA /* FaceIt.app */ = {isa = PBXFileReference; explicitFileType = wrapper.application; includeInIndex = 0; path = FaceIt.app; sourceTree = BUILT_PRODUCTS_DIR; };
		7C32F05F2596F8870010ADFA /* AppDelegate.swift */ = {isa = PBXFileReference; lastKnownFileType = sourcecode.swift; path = AppDelegate.swift; sourceTree = "<group>"; };
		7C32F0612596F8870010ADFA /* SceneDelegate.swift */ = {isa = PBXFileReference; lastKnownFileType = sourcecode.swift; path = SceneDelegate.swift; sourceTree = "<group>"; };
		7C32F0632596F8870010ADFA /* FaceViewController.swift */ = {isa = PBXFileReference; lastKnownFileType = sourcecode.swift; path = FaceViewController.swift; sourceTree = "<group>"; };
		7C32F0662596F8870010ADFA /* Base */ = {isa = PBXFileReference; lastKnownFileType = file.storyboard; name = Base; path = Base.lproj/Main.storyboard; sourceTree = "<group>"; };
		7C32F0682596F8880010ADFA /* Assets.xcassets */ = {isa = PBXFileReference; lastKnownFileType = folder.assetcatalog; path = Assets.xcassets; sourceTree = "<group>"; };
		7C32F06B2596F8880010ADFA /* Base */ = {isa = PBXFileReference; lastKnownFileType = file.storyboard; name = Base; path = Base.lproj/LaunchScreen.storyboard; sourceTree = "<group>"; };
		7C32F06D2596F8880010ADFA /* Info.plist */ = {isa = PBXFileReference; lastKnownFileType = text.plist.xml; path = Info.plist; sourceTree = "<group>"; };
		7C32F0792596FA170010ADFA /* FaceView.swift */ = {isa = PBXFileReference; lastKnownFileType = sourcecode.swift; path = FaceView.swift; sourceTree = "<group>"; };
		7C32F07D259719870010ADFA /* FacialExpression.swift */ = {isa = PBXFileReference; lastKnownFileType = sourcecode.swift; path = FacialExpression.swift; sourceTree = "<group>"; };
		7C32F081259A223F0010ADFA /* EmotionsViewController.swift */ = {isa = PBXFileReference; lastKnownFileType = sourcecode.swift; path = EmotionsViewController.swift; sourceTree = "<group>"; };
/* End PBXFileReference section */

/* Begin PBXFrameworksBuildPhase section */
		7C32F0592596F8870010ADFA /* Frameworks */ = {
			isa = PBXFrameworksBuildPhase;
			buildActionMask = 2147483647;
			files = (
			);
			runOnlyForDeploymentPostprocessing = 0;
		};
/* End PBXFrameworksBuildPhase section */

/* Begin PBXGroup section */
		7C32F0532596F8870010ADFA = {
			isa = PBXGroup;
			children = (
				7C32F05E2596F8870010ADFA /* FaceIt */,
				7C32F05D2596F8870010ADFA /* Products */,
			);
			sourceTree = "<group>";
		};
		7C32F05D2596F8870010ADFA /* Products */ = {
			isa = PBXGroup;
			children = (
				7C32F05C2596F8870010ADFA /* FaceIt.app */,
			);
			name = Products;
			sourceTree = "<group>";
		};
		7C32F05E2596F8870010ADFA /* FaceIt */ = {
			isa = PBXGroup;
			children = (
				7C32F0632596F8870010ADFA /* FaceViewController.swift */,
				7C32F0792596FA170010ADFA /* FaceView.swift */,
				7C32F0652596F8870010ADFA /* Main.storyboard */,
				7C32F07D259719870010ADFA /* FacialExpression.swift */,
				7C32F081259A223F0010ADFA /* EmotionsViewController.swift */,
				7C32F0742596F8BE0010ADFA /* Supporting Files */,
			);
			path = FaceIt;
			sourceTree = "<group>";
		};
		7C32F0742596F8BE0010ADFA /* Supporting Files */ = {
			isa = PBXGroup;
			children = (
				7C32F05F2596F8870010ADFA /* AppDelegate.swift */,
				7C32F0612596F8870010ADFA /* SceneDelegate.swift */,
				7C32F0682596F8880010ADFA /* Assets.xcassets */,
				7C32F06A2596F8880010ADFA /* LaunchScreen.storyboard */,
				7C32F06D2596F8880010ADFA /* Info.plist */,
			);
			path = "Supporting Files";
			sourceTree = "<group>";
		};
/* End PBXGroup section */

/* Begin PBXNativeTarget section */
		7C32F05B2596F8870010ADFA /* FaceIt */ = {
			isa = PBXNativeTarget;
			buildConfigurationList = 7C32F0702596F8880010ADFA /* Build configuration list for PBXNativeTarget "FaceIt" */;
			buildPhases = (
				7C32F0582596F8870010ADFA /* Sources */,
				7C32F0592596F8870010ADFA /* Frameworks */,
				7C32F05A2596F8870010ADFA /* Resources */,
			);
			buildRules = (
			);
			dependencies = (
			);
			name = FaceIt;
			productName = FaceIt;
			productReference = 7C32F05C2596F8870010ADFA /* FaceIt.app */;
			productType = "com.apple.product-type.application";
		};
/* End PBXNativeTarget section */

/* Begin PBXProject section */
		7C32F0542596F8870010ADFA /* Project object */ = {
			isa = PBXProject;
			attributes = {
				LastSwiftUpdateCheck = 1220;
				LastUpgradeCheck = 1220;
				TargetAttributes = {
					7C32F05B2596F8870010ADFA = {
						CreatedOnToolsVersion = 12.2;
					};
				};
			};
			buildConfigurationList = 7C32F0572596F8870010ADFA /* Build configuration list for PBXProject "FaceIt" */;
			compatibilityVersion = "Xcode 9.3";
			developmentRegion = en;
			hasScannedForEncodings = 0;
			knownRegions = (
				en,
				Base,
			);
			mainGroup = 7C32F0532596F8870010ADFA;
			productRefGroup = 7C32F05D2596F8870010ADFA /* Products */;
			projectDirPath = "";
			projectRoot = "";
			targets = (
				7C32F05B2596F8870010ADFA /* FaceIt */,
			);
		};
/* End PBXProject section */

/* Begin PBXResourcesBuildPhase section */
		7C32F05A2596F8870010ADFA /* Resources */ = {
			isa = PBXResourcesBuildPhase;
			buildActionMask = 2147483647;
			files = (
				7C32F086259A2AEC0010ADFA /* Main.storyboard in Resources */,
				7C32F06C2596F8880010ADFA /* LaunchScreen.storyboard in Resources */,
				7C32F0692596F8880010ADFA /* Assets.xcassets in Resources */,
			);
			runOnlyForDeploymentPostprocessing = 0;
		};
/* End PBXResourcesBuildPhase section */

/* Begin PBXSourcesBuildPhase section */
		7C32F0582596F8870010ADFA /* Sources */ = {
			isa = PBXSourcesBuildPhase;
			buildActionMask = 2147483647;
			files = (
				7C32F0642596F8870010ADFA /* FaceViewController.swift in Sources */,
				7C32F0602596F8870010ADFA /* AppDelegate.swift in Sources */,
				7C07F230259A2B530001B5DA /* EmotionsViewController.swift in Sources */,
				7C32F07E259719870010ADFA /* FacialExpression.swift in Sources */,
				7C32F0622596F8870010ADFA /* SceneDelegate.swift in Sources */,
				7C32F07A2596FA170010ADFA /* FaceView.swift in Sources */,
			);
			runOnlyForDeploymentPostprocessing = 0;
		};
/* End PBXSourcesBuildPhase section */

/* Begin PBXVariantGroup section */
		7C32F0652596F8870010ADFA /* Main.storyboard */ = {
			isa = PBXVariantGroup;
			children = (
				7C32F0662596F8870010ADFA /* Base */,
			);
			name = Main.storyboard;
			sourceTree = "<group>";
		};
		7C32F06A2596F8880010ADFA /* LaunchScreen.storyboard */ = {
			isa = PBXVariantGroup;
			children = (
				7C32F06B2596F8880010ADFA /* Base */,
			);
			name = LaunchScreen.storyboard;
			sourceTree = "<group>";
		};
/* End PBXVariantGroup section */

/* Begin XCBuildConfiguration section */
		7C32F06E2596F8880010ADFA /* Debug */ = {
			isa = XCBuildConfiguration;
			buildSettings = {
				ALWAYS_SEARCH_USER_PATHS = NO;
				CLANG_ANALYZER_NONNULL = YES;
				CLANG_ANALYZER_NUMBER_OBJECT_CONVERSION = YES_AGGRESSIVE;
				CLANG_CXX_LANGUAGE_STANDARD = "gnu++14";
				CLANG_CXX_LIBRARY = "libc++";
				CLANG_ENABLE_MODULES = YES;
				CLANG_ENABLE_OBJC_ARC = YES;
				CLANG_ENABLE_OBJC_WEAK = YES;
				CLANG_WARN_BLOCK_CAPTURE_AUTORELEASING = YES;
				CLANG_WARN_BOOL_CONVERSION = YES;
				CLANG_WARN_COMMA = YES;
				CLANG_WARN_CONSTANT_CONVERSION = YES;
				CLANG_WARN_DEPRECATED_OBJC_IMPLEMENTATIONS = YES;
				CLANG_WARN_DIRECT_OBJC_ISA_USAGE = YES_ERROR;
				CLANG_WARN_DOCUMENTATION_COMMENTS = YES;
				CLANG_WARN_EMPTY_BODY = YES;
				CLANG_WARN_ENUM_CONVERSION = YES;
				CLANG_WARN_INFINITE_RECURSION = YES;
				CLANG_WARN_INT_CONVERSION = YES;
				CLANG_WARN_NON_LITERAL_NULL_CONVERSION = YES;
				CLANG_WARN_OBJC_IMPLICIT_RETAIN_SELF = YES;
				CLANG_WARN_OBJC_LITERAL_CONVERSION = YES;
				CLANG_WARN_OBJC_ROOT_CLASS = YES_ERROR;
				CLANG_WARN_QUOTED_INCLUDE_IN_FRAMEWORK_HEADER = YES;
				CLANG_WARN_RANGE_LOOP_ANALYSIS = YES;
				CLANG_WARN_STRICT_PROTOTYPES = YES;
				CLANG_WARN_SUSPICIOUS_MOVE = YES;
				CLANG_WARN_UNGUARDED_AVAILABILITY = YES_AGGRESSIVE;
				CLANG_WARN_UNREACHABLE_CODE = YES;
				CLANG_WARN__DUPLICATE_METHOD_MATCH = YES;
				COPY_PHASE_STRIP = NO;
				DEBUG_INFORMATION_FORMAT = dwarf;
				ENABLE_STRICT_OBJC_MSGSEND = YES;
				ENABLE_TESTABILITY = YES;
				GCC_C_LANGUAGE_STANDARD = gnu11;
				GCC_DYNAMIC_NO_PIC = NO;
				GCC_NO_COMMON_BLOCKS = YES;
				GCC_OPTIMIZATION_LEVEL = 0;
				GCC_PREPROCESSOR_DEFINITIONS = (
					"DEBUG=1",
					"$(inherited)",
				);
				GCC_WARN_64_TO_32_BIT_CONVERSION = YES;
				GCC_WARN_ABOUT_RETURN_TYPE = YES_ERROR;
				GCC_WARN_UNDECLARED_SELECTOR = YES;
				GCC_WARN_UNINITIALIZED_AUTOS = YES_AGGRESSIVE;
				GCC_WARN_UNUSED_FUNCTION = YES;
				GCC_WARN_UNUSED_VARIABLE = YES;
				IPHONEOS_DEPLOYMENT_TARGET = 14.2;
				MTL_ENABLE_DEBUG_INFO = INCLUDE_SOURCE;
				MTL_FAST_MATH = YES;
				ONLY_ACTIVE_ARCH = YES;
				SDKROOT = iphoneos;
				SWIFT_ACTIVE_COMPILATION_CONDITIONS = DEBUG;
				SWIFT_OPTIMIZATION_LEVEL = "-Onone";
			};
			name = Debug;
		};
		7C32F06F2596F8880010ADFA /* Release */ = {
			isa = XCBuildConfiguration;
			buildSettings = {
				ALWAYS_SEARCH_USER_PATHS = NO;
				CLANG_ANALYZER_NONNULL = YES;
				CLANG_ANALYZER_NUMBER_OBJECT_CONVERSION = YES_AGGRESSIVE;
				CLANG_CXX_LANGUAGE_STANDARD = "gnu++14";
				CLANG_CXX_LIBRARY = "libc++";
				CLANG_ENABLE_MODULES = YES;
				CLANG_ENABLE_OBJC_ARC = YES;
				CLANG_ENABLE_OBJC_WEAK = YES;
				CLANG_WARN_BLOCK_CAPTURE_AUTORELEASING = YES;
				CLANG_WARN_BOOL_CONVERSION = YES;
				CLANG_WARN_COMMA = YES;
				CLANG_WARN_CONSTANT_CONVERSION = YES;
				CLANG_WARN_DEPRECATED_OBJC_IMPLEMENTATIONS = YES;
				CLANG_WARN_DIRECT_OBJC_ISA_USAGE = YES_ERROR;
				CLANG_WARN_DOCUMENTATION_COMMENTS = YES;
				CLANG_WARN_EMPTY_BODY = YES;
				CLANG_WARN_ENUM_CONVERSION = YES;
				CLANG_WARN_INFINITE_RECURSION = YES;
				CLANG_WARN_INT_CONVERSION = YES;
				CLANG_WARN_NON_LITERAL_NULL_CONVERSION = YES;
				CLANG_WARN_OBJC_IMPLICIT_RETAIN_SELF = YES;
				CLANG_WARN_OBJC_LITERAL_CONVERSION = YES;
				CLANG_WARN_OBJC_ROOT_CLASS = YES_ERROR;
				CLANG_WARN_QUOTED_INCLUDE_IN_FRAMEWORK_HEADER = YES;
				CLANG_WARN_RANGE_LOOP_ANALYSIS = YES;
				CLANG_WARN_STRICT_PROTOTYPES = YES;
				CLANG_WARN_SUSPICIOUS_MOVE = YES;
				CLANG_WARN_UNGUARDED_AVAILABILITY = YES_AGGRESSIVE;
				CLANG_WARN_UNREACHABLE_CODE = YES;
				CLANG_WARN__DUPLICATE_METHOD_MATCH = YES;
				COPY_PHASE_STRIP = NO;
				DEBUG_INFORMATION_FORMAT = "dwarf-with-dsym";
				ENABLE_NS_ASSERTIONS = NO;
				ENABLE_STRICT_OBJC_MSGSEND = YES;
				GCC_C_LANGUAGE_STANDARD = gnu11;
				GCC_NO_COMMON_BLOCKS = YES;
				GCC_WARN_64_TO_32_BIT_CONVERSION = YES;
				GCC_WARN_ABOUT_RETURN_TYPE = YES_ERROR;
				GCC_WARN_UNDECLARED_SELECTOR = YES;
				GCC_WARN_UNINITIALIZED_AUTOS = YES_AGGRESSIVE;
				GCC_WARN_UNUSED_FUNCTION = YES;
				GCC_WARN_UNUSED_VARIABLE = YES;
				IPHONEOS_DEPLOYMENT_TARGET = 14.2;
				MTL_ENABLE_DEBUG_INFO = NO;
				MTL_FAST_MATH = YES;
				SDKROOT = iphoneos;
				SWIFT_COMPILATION_MODE = wholemodule;
				SWIFT_OPTIMIZATION_LEVEL = "-O";
				VALIDATE_PRODUCT = YES;
			};
			name = Release;
		};
		7C32F0712596F8880010ADFA /* Debug */ = {
			isa = XCBuildConfiguration;
			buildSettings = {
				ASSETCATALOG_COMPILER_APPICON_NAME = AppIcon;
				ASSETCATALOG_COMPILER_GLOBAL_ACCENT_COLOR_NAME = AccentColor;
				CODE_SIGN_STYLE = Automatic;
				DEVELOPMENT_TEAM = 7ST6CK27XZ;
				INFOPLIST_FILE = "FaceIt/Supporting Files/Info.plist";
				LD_RUNPATH_SEARCH_PATHS = (
					"$(inherited)",
					"@executable_path/Frameworks",
				);
				PRODUCT_BUNDLE_IDENTIFIER = com.TestProject.FaceIt;
				PRODUCT_NAME = "$(TARGET_NAME)";
				SWIFT_VERSION = 5.0;
				TARGETED_DEVICE_FAMILY = "1,2";
			};
			name = Debug;
		};
		7C32F0722596F8880010ADFA /* Release */ = {
			isa = XCBuildConfiguration;
			buildSettings = {
				ASSETCATALOG_COMPILER_APPICON_NAME = AppIcon;
				ASSETCATALOG_COMPILER_GLOBAL_ACCENT_COLOR_NAME = AccentColor;
				CODE_SIGN_STYLE = Automatic;
				DEVELOPMENT_TEAM = 7ST6CK27XZ;
				INFOPLIST_FILE = "FaceIt/Supporting Files/Info.plist";
				LD_RUNPATH_SEARCH_PATHS = (
					"$(inherited)",
					"@executable_path/Frameworks",
				);
				PRODUCT_BUNDLE_IDENTIFIER = com.TestProject.FaceIt;
				PRODUCT_NAME = "$(TARGET_NAME)";
				SWIFT_VERSION = 5.0;
				TARGETED_DEVICE_FAMILY = "1,2";
			};
			name = Release;
		};
/* End XCBuildConfiguration section */

/* Begin XCConfigurationList section */
		7C32F0572596F8870010ADFA /* Build configuration list for PBXProject "FaceIt" */ = {
			isa = XCConfigurationList;
			buildConfigurations = (
				7C32F06E2596F8880010ADFA /* Debug */,
				7C32F06F2596F8880010ADFA /* Release */,
			);
			defaultConfigurationIsVisible = 0;
			defaultConfigurationName = Release;
		};
		7C32F0702596F8880010ADFA /* Build configuration list for PBXNativeTarget "FaceIt" */ = {
			isa = XCConfigurationList;
			buildConfigurations = (
				7C32F0712596F8880010ADFA /* Debug */,
				7C32F0722596F8880010ADFA /* Release */,
			);
			defaultConfigurationIsVisible = 0;
			defaultConfigurationName = Release;
		};
/* End XCConfigurationList section */
	};
	rootObject = 7C32F0542596F8870010ADFA /* Project object */;
}
